
Microsoft Visual Studio Solution File, Format Version 12.00
# Visual Studio 14
VisualStudioVersion = 14.0.23107.0
MinimumVisualStudioVersion = 10.0.40219.1
Project("{8BC9CEB8-8B4A-11D0-8D11-00A0C91BC942}") = "Ex1_GenericSocket", "Ex1_GenericSocket\Ex1_GenericSocket.vcxproj", "{CD1556A1-066C-476B-9D6E-6DD60D19668E}"
EndProject
Project("{8BC9CEB8-8B4A-11D0-8D11-00A0C91BC942}") = "Ex2_SocketAdress", "ConsoleApplication1\ConsoleApplication1.vcxproj", "{699FE772-213B-480A-AEBF-FA6FD68C257B}"
EndProject
Project("{8BC9CEB8-8B4A-11D0-8D11-00A0C91BC942}") = "Ex2_SocketAdressREAL", "Ex2_SocketAdressREAL\Ex2_SocketAdressREAL.vcxproj", "{5A986427-5042-4139-BB95-5109FC90A771}"
EndProject
Global
	GlobalSection(SolutionConfigurationPlatforms) = preSolution
		Debug|x64 = Debug|x64
		Debug|x86 = Debug|x86
		Release|x64 = Release|x64
		Release|x86 = Release|x86
	EndGlobalSection
	GlobalSection(ProjectConfigurationPlatforms) = postSolution
		{CD1556A1-066C-476B-9D6E-6DD60D19668E}.Debug|x64.ActiveCfg = Debug|x64
		{CD1556A1-066C-476B-9D6E-6DD60D19668E}.Debug|x64.Build.0 = Debug|x64
		{CD1556A1-066C-476B-9D6E-6DD60D19668E}.Debug|x86.ActiveCfg = Debug|Win32
		{CD1556A1-066C-476B-9D6E-6DD60D19668E}.Debug|x86.Build.0 = Debug|Win32
		{CD1556A1-066C-476B-9D6E-6DD60D19668E}.Release|x64.ActiveCfg = Release|x64
		{CD1556A1-066C-476B-9D6E-6DD60D19668E}.Release|x64.Build.0 = Release|x64
		{CD1556A1-066C-476B-9D6E-6DD60D19668E}.Release|x86.ActiveCfg = Release|Win32
		{CD1556A1-066C-476B-9D6E-6DD60D19668E}.Release|x86.Build.0 = Release|Win32
		{699FE772-213B-480A-AEBF-FA6FD68C257B}.Debug|x64.ActiveCfg = Debug|x64
		{699FE772-213B-480A-AEBF-FA6FD68C257B}.Debug|x64.Build.0 = Debug|x64
		{699FE772-213B-480A-AEBF-FA6FD68C257B}.Debug|x86.ActiveCfg = Debug|Win32
		{699FE772-213B-480A-AEBF-FA6FD68C257B}.Debug|x86.Build.0 = Debug|Win32
		{699FE772-213B-480A-AEBF-FA6FD68C257B}.Release|x64.ActiveCfg = Release|x64
		{699FE772-213B-480A-AEBF-FA6FD68C257B}.Release|x64.Build.0 = Release|x64
		{699FE772-213B-480A-AEBF-FA6FD68C257B}.Release|x86.ActiveCfg = Release|Win32
		{699FE772-213B-480A-AEBF-FA6FD68C257B}.Release|x86.Build.0 = Release|Win32
		{5A986427-5042-4139-BB95-5109FC90A771}.Debug|x64.ActiveCfg = Debug|x64
		{5A986427-5042-4139-BB95-5109FC90A771}.Debug|x64.Build.0 = Debug|x64
		{5A986427-5042-4139-BB95-5109FC90A771}.Debug|x86.ActiveCfg = Debug|Win32
		{5A986427-5042-4139-BB95-5109FC90A771}.Debug|x86.Build.0 = Debug|Win32
		{5A986427-5042-4139-BB95-5109FC90A771}.Release|x64.ActiveCfg = Release|x64
		{5A986427-5042-4139-BB95-5109FC90A771}.Release|x64.Build.0 = Release|x64
		{5A986427-5042-4139-BB95-5109FC90A771}.Release|x86.ActiveCfg = Release|Win32
		{5A986427-5042-4139-BB95-5109FC90A771}.Release|x86.Build.0 = Release|Win32
	EndGlobalSection
	GlobalSection(SolutionProperties) = preSolution
		HideSolutionNode = FALSE
	EndGlobalSection
EndGlobal
